
Microsoft Visual Studio Solution File, Format Version 12.00
# Visual Studio Version 17
VisualStudioVersion = 17.0.31825.309
MinimumVisualStudioVersion = 10.0.40219.1
Project("{FAE04EC0-301F-11D3-BF4B-00C04F79EFBC}") = "algorytm3", "algorytm3\algorytm3.csproj", "{58F7BF49-3C09-4715-AA66-0761B10B44F1}"
EndProject
Global
	GlobalSection(SolutionConfigurationPlatforms) = preSolution
		Debug|Any CPU = Debug|Any CPU
		Release|Any CPU = Release|Any CPU
	EndGlobalSection
	GlobalSection(ProjectConfigurationPlatforms) = postSolution
		{58F7BF49-3C09-4715-AA66-0761B10B44F1}.Debug|Any CPU.ActiveCfg = Debug|Any CPU
		{58F7BF49-3C09-4715-AA66-0761B10B44F1}.Debug|Any CPU.Build.0 = Debug|Any CPU
		{58F7BF49-3C09-4715-AA66-0761B10B44F1}.Release|Any CPU.ActiveCfg = Release|Any CPU
		{58F7BF49-3C09-4715-AA66-0761B10B44F1}.Release|Any CPU.Build.0 = Release|Any CPU
	EndGlobalSection
	GlobalSection(SolutionProperties) = preSolution
		HideSolutionNode = FALSE
	EndGlobalSection
	GlobalSection(ExtensibilityGlobals) = postSolution
		SolutionGuid = {0A7EECF0-C637-4100-904C-0DAD8C9E994D}
	EndGlobalSection
EndGlobal
